
Microsoft Visual Studio Solution File, Format Version 12.00
# Visual Studio Version 17
VisualStudioVersion = 17.8.34309.116
MinimumVisualStudioVersion = 10.0.40219.1
Project("{FAE04EC0-301F-11D3-BF4B-00C04F79EFBC}") = "Bookify", "Bookify\Bookify.csproj", "{DFFC3FF0-31D7-4590-ACBE-4B24E363AA43}"
EndProject
Global
	GlobalSection(SolutionConfigurationPlatforms) = preSolution
		Debug|Any CPU = Debug|Any CPU
		Release|Any CPU = Release|Any CPU
	EndGlobalSection
	GlobalSection(ProjectConfigurationPlatforms) = postSolution
		{DFFC3FF0-31D7-4590-ACBE-4B24E363AA43}.Debug|Any CPU.ActiveCfg = Debug|Any CPU
		{DFFC3FF0-31D7-4590-ACBE-4B24E363AA43}.Debug|Any CPU.Build.0 = Debug|Any CPU
		{DFFC3FF0-31D7-4590-ACBE-4B24E363AA43}.Release|Any CPU.ActiveCfg = Release|Any CPU
		{DFFC3FF0-31D7-4590-ACBE-4B24E363AA43}.Release|Any CPU.Build.0 = Release|Any CPU
	EndGlobalSection
	GlobalSection(SolutionProperties) = preSolution
		HideSolutionNode = FALSE
	EndGlobalSection
	GlobalSection(ExtensibilityGlobals) = postSolution
		SolutionGuid = {25B57F44-5B67-4407-AC69-BC30B2650166}
	EndGlobalSection
EndGlobal
